{
    "_readme": [
        "This file locks the dependencies of your project to a known state",
        "Read more about it at https://getcomposer.org/doc/01-basic-usage.md#installing-dependencies",
        "This file is @generated automatically"
    ],
    "content-hash": "38d5ed2719ef200c614951ed9ba72f13",
    "packages": [
        {
            "name": "piko/core",
            "version": "v1.0",
            "source": {
                "type": "git",
                "url": "https://github.com/piko-framework/core.git",
                "reference": "f81468df57d0b31aab80f8693099d5364d37f8e7"
            },
            "dist": {
                "type": "zip",
                "url": "https://api.github.com/repos/piko-framework/core/zipball/f81468df57d0b31aab80f8693099d5364d37f8e7",
                "reference": "f81468df57d0b31aab80f8693099d5364d37f8e7",
                "shasum": ""
            },
            "require": {
                "php": ">=7.1.0"
            },
            "require-dev": {
                "phpstan/phpstan": "^0.12.99",
                "phpunit/phpunit": "^9.5",
                "squizlabs/php_codesniffer": "^3.5"
            },
            "type": "library",
            "autoload": {
                "psr-4": {
                    "piko\\": "src"
                }
            },
            "notification-url": "https://packagist.org/downloads/",
            "license": [
                "LGPL-3.0-or-later"
            ],
            "authors": [
                {
                    "name": "Sylvain Philip",
                    "homepage": "https://www.sphilip.com",
                    "role": "Developer"
                }
            ],
            "description": "Piko framework base",
            "homepage": "https://github.com/piko-framework/core",
            "keywords": [
                "framework",
                "micro",
                "micro-framework",
                "mvc"
            ],
            "support": {
                "issues": "https://github.com/piko-framework/core/issues",
                "source": "https://github.com/piko-framework/core/tree/v1.0"
            },
            "time": "2021-09-24T16:06:16+00:00"
        },
        {
            "name": "piko/framework",
            "version": "v1.0",
            "source": {
                "type": "git",
                "url": "https://github.com/piko-framework/piko.git",
                "reference": "66a7ede8d7fccfdb4080367a5138f10f2c9b783e"
            },
            "dist": {
                "type": "zip",
                "url": "https://api.github.com/repos/piko-framework/piko/zipball/66a7ede8d7fccfdb4080367a5138f10f2c9b783e",
                "reference": "66a7ede8d7fccfdb4080367a5138f10f2c9b783e",
                "shasum": ""
            },
            "require": {
                "php": ">=7.1.0",
                "piko/core": "^1.0",
                "piko/router": "^1.0"
            },
            "require-dev": {
                "phpstan/phpstan": "^0.12.99",
                "phpunit/phpunit": "^9.5",
                "squizlabs/php_codesniffer": "^3.5"
            },
            "type": "library",
            "autoload": {
                "psr-4": {
                    "piko\\": "src"
                }
            },
            "notification-url": "https://packagist.org/downloads/",
            "license": [
                "LGPL-3.0-or-later"
            ],
            "authors": [
                {
                    "name": "Sylvain Philip",
                    "homepage": "https://www.sphilip.com",
                    "role": "Developer"
                }
            ],
            "description": "Ultra lighweight MVC web framework",
            "homepage": "https://github.com/piko-framework/piko",
            "keywords": [
                "framework",
                "micro",
                "micro-framework",
                "mvc"
            ],
            "support": {
                "issues": "https://github.com/piko-framework/piko/issues",
                "source": "https://github.com/piko-framework/piko/tree/v1.0"
            },
            "time": "2021-09-25T06:53:55+00:00"
        },
        {
            "name": "piko/router",
            "version": "v1.0",
            "source": {
                "type": "git",
                "url": "https://github.com/piko-framework/router.git",
                "reference": "c1d572471fddbf020f0d9e1a362cbfea66e7f4cf"
            },
            "dist": {
                "type": "zip",
                "url": "https://api.github.com/repos/piko-framework/router/zipball/c1d572471fddbf020f0d9e1a362cbfea66e7f4cf",
                "reference": "c1d572471fddbf020f0d9e1a362cbfea66e7f4cf",
                "shasum": ""
            },
            "require": {
                "php": ">=7.1.0",
                "piko/core": "^1.0"
            },
            "require-dev": {
                "phpstan/phpstan": "^0.12.99",
                "phpunit/phpunit": "^9.5",
                "squizlabs/php_codesniffer": "^3.5"
            },
            "type": "library",
            "autoload": {
                "psr-4": {
                    "piko\\": "src"
                }
            },
            "notification-url": "https://packagist.org/downloads/",
            "license": [
                "LGPL-3.0-or-later"
            ],
            "authors": [
                {
                    "name": "Sylvain Philip",
                    "homepage": "https://www.sphilip.com",
                    "role": "Developer"
                }
            ],
            "description": "A fast micro router used in Piko framework",
            "homepage": "https://github.com/piko-framework/core",
            "keywords": [
                "micro",
                "micro-router",
                "router"
            ],
            "support": {
                "issues": "https://github.com/piko-framework/router/issues",
                "source": "https://github.com/piko-framework/router/tree/v1.0"
            },
            "time": "2021-09-24T19:31:44+00:00"
        },
        {
            "name": "piko/user",
            "version": "v1.0",
            "source": {
                "type": "git",
                "url": "https://github.com/piko-framework/user.git",
                "reference": "4d9116050fbf35bbaebaf18b2e4bdd55253401d1"
            },
            "dist": {
                "type": "zip",
                "url": "https://api.github.com/repos/piko-framework/user/zipball/4d9116050fbf35bbaebaf18b2e4bdd55253401d1",
                "reference": "4d9116050fbf35bbaebaf18b2e4bdd55253401d1",
                "shasum": ""
            },
            "require": {
                "php": ">=7.1.0",
                "piko/core": "^1.0"
            },
            "require-dev": {
                "phpstan/phpstan": "^0.12.99",
                "phpunit/phpunit": "^9.5",
                "squizlabs/php_codesniffer": "^3.5"
            },
            "type": "library",
            "autoload": {
                "psr-4": {
                    "piko\\": "src"
                }
            },
            "notification-url": "https://packagist.org/downloads/",
            "license": [
                "LGPL-3.0-or-later"
            ],
            "authors": [
                {
                    "name": "Sylvain Philip",
                    "homepage": "https://www.sphilip.com",
                    "role": "Developer"
                }
            ],
            "description": "A lightweight user session manager to login/logout and retrieve user identity.",
            "homepage": "https://github.com/piko-framework/user",
            "keywords": [
                "login",
                "logout",
                "piko",
                "session",
                "user"
            ],
            "support": {
                "issues": "https://github.com/piko-framework/user/issues",
                "source": "https://github.com/piko-framework/user/tree/v1.0"
            },
            "time": "2021-09-25T11:23:40+00:00"
        }
    ],
    "packages-dev": [],
    "aliases": [],
    "minimum-stability": "stable",
    "stability-flags": [],
    "prefer-stable": false,
    "prefer-lowest": false,
    "platform": [],
    "platform-dev": [],
    "plugin-api-version": "2.0.0"
}
