{
    "_readme": [
        "This file locks the dependencies of your project to a known state",
        "Read more about it at https://getcomposer.org/doc/01-basic-usage.md#installing-dependencies",
        "This file is @generated automatically"
    ],
    "content-hash": "561f211f468b42a24c22841db206eb6c",
    "packages": [
        {
            "name": "piko/core",
            "version": "v1.1",
            "source": {
                "type": "git",
                "url": "https://github.com/piko-framework/core.git",
                "reference": "d1abebf80a79fc6ec72375581edaa601c7ea4116"
            },
            "dist": {
                "type": "zip",
                "url": "https://api.github.com/repos/piko-framework/core/zipball/d1abebf80a79fc6ec72375581edaa601c7ea4116",
                "reference": "d1abebf80a79fc6ec72375581edaa601c7ea4116",
                "shasum": ""
            },
            "require": {
                "php": ">=7.1.0"
            },
            "require-dev": {
                "phpstan/phpstan": "^0.12.99",
                "phpunit/phpunit": "^9.5",
                "squizlabs/php_codesniffer": "^3.5"
            },
            "type": "library",
            "autoload": {
                "psr-4": {
                    "piko\\": "src"
                }
            },
            "notification-url": "https://packagist.org/downloads/",
            "license": [
                "LGPL-3.0-or-later"
            ],
            "authors": [
                {
                    "name": "Sylvain Philip",
                    "homepage": "https://www.sphilip.com",
                    "role": "Developer"
                }
            ],
            "description": "Piko framework base",
            "homepage": "https://github.com/piko-framework/core",
            "keywords": [
                "framework",
                "micro",
                "micro-framework",
                "mvc"
            ],
            "support": {
                "issues": "https://github.com/piko-framework/core/issues",
                "source": "https://github.com/piko-framework/core/tree/v1.1"
            },
            "time": "2021-09-26T13:55:52+00:00"
        },
        {
            "name": "piko/framework",
            "version": "v2.1",
            "source": {
                "type": "git",
                "url": "https://github.com/piko-framework/piko.git",
                "reference": "f860ddf23ea1236f6dfcd0ceef3712eb64819fe7"
            },
            "dist": {
                "type": "zip",
                "url": "https://api.github.com/repos/piko-framework/piko/zipball/f860ddf23ea1236f6dfcd0ceef3712eb64819fe7",
                "reference": "f860ddf23ea1236f6dfcd0ceef3712eb64819fe7",
                "shasum": ""
            },
            "require": {
                "php": ">=7.1.0",
                "piko/core": "^1.0",
                "piko/router": "^2.0"
            },
            "require-dev": {
                "phpstan/phpstan": "^0.12.99",
                "phpunit/phpunit": "^9.5",
                "squizlabs/php_codesniffer": "^3.5"
            },
            "type": "library",
            "autoload": {
                "psr-4": {
                    "piko\\": "src"
                }
            },
            "notification-url": "https://packagist.org/downloads/",
            "license": [
                "LGPL-3.0-or-later"
            ],
            "authors": [
                {
                    "name": "Sylvain Philip",
                    "homepage": "https://www.sphilip.com",
                    "role": "Developer"
                }
            ],
            "description": "Ultra lighweight MVC web framework",
            "homepage": "https://github.com/piko-framework/piko",
            "keywords": [
                "framework",
                "micro",
                "micro-framework",
                "mvc"
            ],
            "support": {
                "issues": "https://github.com/piko-framework/piko/issues",
                "source": "https://github.com/piko-framework/piko/tree/v2.1"
            },
            "time": "2022-10-12T14:22:53+00:00"
        },
        {
            "name": "piko/router",
            "version": "v2.2",
            "source": {
                "type": "git",
                "url": "https://github.com/piko-framework/router.git",
                "reference": "20df8905616885134b011a4ed0b7edbf9451a137"
            },
            "dist": {
                "type": "zip",
                "url": "https://api.github.com/repos/piko-framework/router/zipball/20df8905616885134b011a4ed0b7edbf9451a137",
                "reference": "20df8905616885134b011a4ed0b7edbf9451a137",
                "shasum": ""
            },
            "require": {
                "php": ">=7.1.0",
                "piko/core": "^1.0"
            },
            "require-dev": {
                "nikic/fast-route": "^1.3",
                "phpbench/phpbench": "^1.1",
                "phpstan/phpstan": "^0.12.99",
                "phpunit/phpunit": "^9.5",
                "squizlabs/php_codesniffer": "^3.5",
                "symfony/config": "^5.3",
                "symfony/routing": "^5.3"
            },
            "type": "library",
            "autoload": {
                "psr-4": {
                    "piko\\": "src"
                }
            },
            "notification-url": "https://packagist.org/downloads/",
            "license": [
                "LGPL-3.0-or-later"
            ],
            "authors": [
                {
                    "name": "Sylvain Philip",
                    "homepage": "https://www.sphilip.com",
                    "role": "Developer"
                }
            ],
            "description": "A fast micro router used in Piko framework",
            "homepage": "https://github.com/piko-framework/router",
            "keywords": [
                "micro",
                "micro-router",
                "router"
            ],
            "support": {
                "issues": "https://github.com/piko-framework/router/issues",
                "source": "https://github.com/piko-framework/router/tree/v2.2"
            },
            "time": "2022-10-15T19:32:32+00:00"
        },
        {
            "name": "piko/user",
            "version": "v1.1",
            "source": {
                "type": "git",
                "url": "https://github.com/piko-framework/user.git",
                "reference": "cc9934893f293c80825b38b9deea9a46290a54c8"
            },
            "dist": {
                "type": "zip",
                "url": "https://api.github.com/repos/piko-framework/user/zipball/cc9934893f293c80825b38b9deea9a46290a54c8",
                "reference": "cc9934893f293c80825b38b9deea9a46290a54c8",
                "shasum": ""
            },
            "require": {
                "php": ">=7.1.0",
                "piko/core": "^1.0"
            },
            "require-dev": {
                "phpstan/phpstan": "^0.12.99",
                "phpunit/phpunit": "^9.5",
                "squizlabs/php_codesniffer": "^3.5"
            },
            "type": "library",
            "autoload": {
                "psr-4": {
                    "piko\\": "src"
                }
            },
            "notification-url": "https://packagist.org/downloads/",
            "license": [
                "LGPL-3.0-or-later"
            ],
            "authors": [
                {
                    "name": "Sylvain Philip",
                    "homepage": "https://www.sphilip.com",
                    "role": "Developer"
                }
            ],
            "description": "A lightweight user session manager to login/logout and retrieve user identity.",
            "homepage": "https://github.com/piko-framework/user",
            "keywords": [
                "login",
                "logout",
                "piko",
                "session",
                "user"
            ],
            "support": {
                "issues": "https://github.com/piko-framework/user/issues",
                "source": "https://github.com/piko-framework/user/tree/v1.1"
            },
            "time": "2022-10-15T19:45:22+00:00"
        }
    ],
    "packages-dev": [],
    "aliases": [],
    "minimum-stability": "stable",
    "stability-flags": [],
    "prefer-stable": false,
    "prefer-lowest": false,
    "platform": [],
    "platform-dev": [],
    "plugin-api-version": "2.3.0"
}
